
Microsoft Visual Studio Solution File, Format Version 12.00
# Visual Studio 15
VisualStudioVersion = 15.0.28307.329
MinimumVisualStudioVersion = 10.0.40219.1
Project("{9A19103F-16F7-4668-BE54-9A1E7A4F7556}") = "SalesTaxCalculationKata.Core", "SalesTaxCalculationKata.Core\SalesTaxCalculationKata.Core.csproj", "{386C0081-E6F8-4F36-8297-D195D0EA7EE0}"
EndProject
Project("{9A19103F-16F7-4668-BE54-9A1E7A4F7556}") = "SalesTaxCalculationKata.Core.Tests", "SalesTaxCalculationKata.Core.Tests\SalesTaxCalculationKata.Core.Tests.csproj", "{30E1E996-FEB3-4470-B3DF-CFCB596A5689}"
EndProject
Project("{9A19103F-16F7-4668-BE54-9A1E7A4F7556}") = "SalesTaxCalculationKata.Data", "SalesTaxCalculationKata.Data\SalesTaxCalculationKata.Data.csproj", "{5719E0C6-AB46-46F9-B80B-FC96EE4F0A00}"
EndProject
Project("{FAE04EC0-301F-11D3-BF4B-00C04F79EFBC}") = "SalesTaxCalculationKata.Api", "SalesTaxCalculationKata.Api\SalesTaxCalculationKata.Api.csproj", "{F55EF55E-A66F-4359-9D36-35034FA5E3FF}"
EndProject
Global
	GlobalSection(SolutionConfigurationPlatforms) = preSolution
		Debug|Any CPU = Debug|Any CPU
		Release|Any CPU = Release|Any CPU
	EndGlobalSection
	GlobalSection(ProjectConfigurationPlatforms) = postSolution
		{386C0081-E6F8-4F36-8297-D195D0EA7EE0}.Debug|Any CPU.ActiveCfg = Debug|Any CPU
		{386C0081-E6F8-4F36-8297-D195D0EA7EE0}.Debug|Any CPU.Build.0 = Debug|Any CPU
		{386C0081-E6F8-4F36-8297-D195D0EA7EE0}.Release|Any CPU.ActiveCfg = Release|Any CPU
		{386C0081-E6F8-4F36-8297-D195D0EA7EE0}.Release|Any CPU.Build.0 = Release|Any CPU
		{30E1E996-FEB3-4470-B3DF-CFCB596A5689}.Debug|Any CPU.ActiveCfg = Debug|Any CPU
		{30E1E996-FEB3-4470-B3DF-CFCB596A5689}.Debug|Any CPU.Build.0 = Debug|Any CPU
		{30E1E996-FEB3-4470-B3DF-CFCB596A5689}.Release|Any CPU.ActiveCfg = Release|Any CPU
		{30E1E996-FEB3-4470-B3DF-CFCB596A5689}.Release|Any CPU.Build.0 = Release|Any CPU
		{5719E0C6-AB46-46F9-B80B-FC96EE4F0A00}.Debug|Any CPU.ActiveCfg = Debug|Any CPU
		{5719E0C6-AB46-46F9-B80B-FC96EE4F0A00}.Debug|Any CPU.Build.0 = Debug|Any CPU
		{5719E0C6-AB46-46F9-B80B-FC96EE4F0A00}.Release|Any CPU.ActiveCfg = Release|Any CPU
		{5719E0C6-AB46-46F9-B80B-FC96EE4F0A00}.Release|Any CPU.Build.0 = Release|Any CPU
		{F55EF55E-A66F-4359-9D36-35034FA5E3FF}.Debug|Any CPU.ActiveCfg = Debug|Any CPU
		{F55EF55E-A66F-4359-9D36-35034FA5E3FF}.Debug|Any CPU.Build.0 = Debug|Any CPU
		{F55EF55E-A66F-4359-9D36-35034FA5E3FF}.Release|Any CPU.ActiveCfg = Release|Any CPU
		{F55EF55E-A66F-4359-9D36-35034FA5E3FF}.Release|Any CPU.Build.0 = Release|Any CPU
	EndGlobalSection
	GlobalSection(SolutionProperties) = preSolution
		HideSolutionNode = FALSE
	EndGlobalSection
	GlobalSection(ExtensibilityGlobals) = postSolution
		SolutionGuid = {CB68A4DA-8265-40C8-9C69-6A5D28D5F05C}
	EndGlobalSection
EndGlobal
